
Microsoft Visual Studio Solution File, Format Version 12.00
# Visual Studio Version 17
VisualStudioVersion = 17.3.32825.248
MinimumVisualStudioVersion = 10.0.40219.1
Project("{FAE04EC0-301F-11D3-BF4B-00C04F79EFBC}") = "RadioButton", "RadioButton\RadioButton.csproj", "{34964897-563A-4724-820F-6820E5475780}"
EndProject
Global
	GlobalSection(SolutionConfigurationPlatforms) = preSolution
		Debug|Any CPU = Debug|Any CPU
		Release|Any CPU = Release|Any CPU
	EndGlobalSection
	GlobalSection(ProjectConfigurationPlatforms) = postSolution
		{34964897-563A-4724-820F-6820E5475780}.Debug|Any CPU.ActiveCfg = Debug|Any CPU
		{34964897-563A-4724-820F-6820E5475780}.Debug|Any CPU.Build.0 = Debug|Any CPU
		{34964897-563A-4724-820F-6820E5475780}.Release|Any CPU.ActiveCfg = Release|Any CPU
		{34964897-563A-4724-820F-6820E5475780}.Release|Any CPU.Build.0 = Release|Any CPU
	EndGlobalSection
	GlobalSection(SolutionProperties) = preSolution
		HideSolutionNode = FALSE
	EndGlobalSection
	GlobalSection(ExtensibilityGlobals) = postSolution
		SolutionGuid = {72E78AAC-6CC9-49A6-BB7D-E0AFB18778E6}
	EndGlobalSection
EndGlobal
